
Microsoft Visual Studio Solution File, Format Version 12.00
# Visual Studio 15
VisualStudioVersion = 15.0.28307.572
MinimumVisualStudioVersion = 10.0.40219.1
Project("{F184B08F-C81C-45F6-A57F-5ABD9991F28F}") = "3.1.Comparar", "3.1.Comparar\3.1.Comparar.vbproj", "{693BC671-F061-413B-A38D-26C154AE4AEB}"
EndProject
Global
	GlobalSection(SolutionConfigurationPlatforms) = preSolution
		Debug|Any CPU = Debug|Any CPU
		Release|Any CPU = Release|Any CPU
	EndGlobalSection
	GlobalSection(ProjectConfigurationPlatforms) = postSolution
		{693BC671-F061-413B-A38D-26C154AE4AEB}.Debug|Any CPU.ActiveCfg = Debug|Any CPU
		{693BC671-F061-413B-A38D-26C154AE4AEB}.Debug|Any CPU.Build.0 = Debug|Any CPU
		{693BC671-F061-413B-A38D-26C154AE4AEB}.Release|Any CPU.ActiveCfg = Release|Any CPU
		{693BC671-F061-413B-A38D-26C154AE4AEB}.Release|Any CPU.Build.0 = Release|Any CPU
	EndGlobalSection
	GlobalSection(SolutionProperties) = preSolution
		HideSolutionNode = FALSE
	EndGlobalSection
	GlobalSection(ExtensibilityGlobals) = postSolution
		SolutionGuid = {EDD10912-FDAA-4873-8FA9-229C23A9CBE8}
	EndGlobalSection
EndGlobal
